// !$*UTF8*$!
{
	archiveVersion = 1;
	classes = {
	};
	objectVersion = 50;
	objects = {

/* Begin PBXBuildFile section */
		57B14C9B24B63DF200F59E2E /* AppDelegate.swift in Sources */ = {isa = PBXBuildFile; fileRef = 57B14C9A24B63DF200F59E2E /* AppDelegate.swift */; };
		57B14C9D24B63DF200F59E2E /* SceneDelegate.swift in Sources */ = {isa = PBXBuildFile; fileRef = 57B14C9C24B63DF200F59E2E /* SceneDelegate.swift */; };
		57B14CA224B63DF200F59E2E /* Main.storyboard in Resources */ = {isa = PBXBuildFile; fileRef = 57B14CA024B63DF200F59E2E /* Main.storyboard */; };
		57B14CA424B63DF800F59E2E /* Assets.xcassets in Resources */ = {isa = PBXBuildFile; fileRef = 57B14CA324B63DF800F59E2E /* Assets.xcassets */; };
		57B14CA724B63DF800F59E2E /* LaunchScreen.storyboard in Resources */ = {isa = PBXBuildFile; fileRef = 57B14CA524B63DF800F59E2E /* LaunchScreen.storyboard */; };
		57B14CB624B63FFA00F59E2E /* MovieListVC.swift in Sources */ = {isa = PBXBuildFile; fileRef = 57B14CB524B63FFA00F59E2E /* MovieListVC.swift */; };
		57B14CB824B6401700F59E2E /* MovieDetailsVC.swift in Sources */ = {isa = PBXBuildFile; fileRef = 57B14CB724B6401700F59E2E /* MovieDetailsVC.swift */; };
		57B14CBA24B640CD00F59E2E /* CellVC.swift in Sources */ = {isa = PBXBuildFile; fileRef = 57B14CB924B640CD00F59E2E /* CellVC.swift */; };
		57B14CBC24B640E300F59E2E /* Movies.swift in Sources */ = {isa = PBXBuildFile; fileRef = 57B14CBB24B640E300F59E2E /* Movies.swift */; };
		57B14CC524B67E5A00F59E2E /* The Lion King.m4a in Resources */ = {isa = PBXBuildFile; fileRef = 57B14CBF24B67E5900F59E2E /* The Lion King.m4a */; };
		57B14CC624B67E5A00F59E2E /* Moana.m4a in Resources */ = {isa = PBXBuildFile; fileRef = 57B14CC024B67E5A00F59E2E /* Moana.m4a */; };
		57B14CC724B67E5A00F59E2E /* Mulan.m4a in Resources */ = {isa = PBXBuildFile; fileRef = 57B14CC124B67E5A00F59E2E /* Mulan.m4a */; };
		57B14CC824B67E5A00F59E2E /* Pocahontas.m4a in Resources */ = {isa = PBXBuildFile; fileRef = 57B14CC224B67E5A00F59E2E /* Pocahontas.m4a */; };
		57B14CC924B67E5A00F59E2E /* The Little Mermaid.m4a in Resources */ = {isa = PBXBuildFile; fileRef = 57B14CC324B67E5A00F59E2E /* The Little Mermaid.m4a */; };
		57B14CCA24B67E5A00F59E2E /* Aladdin.m4a in Resources */ = {isa = PBXBuildFile; fileRef = 57B14CC424B67E5A00F59E2E /* Aladdin.m4a */; };
/* End PBXBuildFile section */

/* Begin PBXFileReference section */
		57B14C9724B63DF200F59E2E /* Favourite Movies.app */ = {isa = PBXFileReference; explicitFileType = wrapper.application; includeInIndex = 0; path = "Favourite Movies.app"; sourceTree = BUILT_PRODUCTS_DIR; };
		57B14C9A24B63DF200F59E2E /* AppDelegate.swift */ = {isa = PBXFileReference; lastKnownFileType = sourcecode.swift; path = AppDelegate.swift; sourceTree = "<group>"; };
		57B14C9C24B63DF200F59E2E /* SceneDelegate.swift */ = {isa = PBXFileReference; lastKnownFileType = sourcecode.swift; path = SceneDelegate.swift; sourceTree = "<group>"; };
		57B14CA124B63DF200F59E2E /* Base */ = {isa = PBXFileReference; lastKnownFileType = file.storyboard; name = Base; path = Base.lproj/Main.storyboard; sourceTree = "<group>"; };
		57B14CA324B63DF800F59E2E /* Assets.xcassets */ = {isa = PBXFileReference; lastKnownFileType = folder.assetcatalog; path = Assets.xcassets; sourceTree = "<group>"; };
		57B14CA624B63DF800F59E2E /* Base */ = {isa = PBXFileReference; lastKnownFileType = file.storyboard; name = Base; path = Base.lproj/LaunchScreen.storyboard; sourceTree = "<group>"; };
		57B14CA824B63DF800F59E2E /* Info.plist */ = {isa = PBXFileReference; lastKnownFileType = text.plist.xml; path = Info.plist; sourceTree = "<group>"; };
		57B14CB524B63FFA00F59E2E /* MovieListVC.swift */ = {isa = PBXFileReference; lastKnownFileType = sourcecode.swift; path = MovieListVC.swift; sourceTree = "<group>"; };
		57B14CB724B6401700F59E2E /* MovieDetailsVC.swift */ = {isa = PBXFileReference; lastKnownFileType = sourcecode.swift; path = MovieDetailsVC.swift; sourceTree = "<group>"; };
		57B14CB924B640CD00F59E2E /* CellVC.swift */ = {isa = PBXFileReference; lastKnownFileType = sourcecode.swift; path = CellVC.swift; sourceTree = "<group>"; };
		57B14CBB24B640E300F59E2E /* Movies.swift */ = {isa = PBXFileReference; lastKnownFileType = sourcecode.swift; path = Movies.swift; sourceTree = "<group>"; };
		57B14CBF24B67E5900F59E2E /* The Lion King.m4a */ = {isa = PBXFileReference; lastKnownFileType = file; path = "The Lion King.m4a"; sourceTree = "<group>"; };
		57B14CC024B67E5A00F59E2E /* Moana.m4a */ = {isa = PBXFileReference; lastKnownFileType = file; path = Moana.m4a; sourceTree = "<group>"; };
		57B14CC124B67E5A00F59E2E /* Mulan.m4a */ = {isa = PBXFileReference; lastKnownFileType = file; path = Mulan.m4a; sourceTree = "<group>"; };
		57B14CC224B67E5A00F59E2E /* Pocahontas.m4a */ = {isa = PBXFileReference; lastKnownFileType = file; path = Pocahontas.m4a; sourceTree = "<group>"; };
		57B14CC324B67E5A00F59E2E /* The Little Mermaid.m4a */ = {isa = PBXFileReference; lastKnownFileType = file; path = "The Little Mermaid.m4a"; sourceTree = "<group>"; };
		57B14CC424B67E5A00F59E2E /* Aladdin.m4a */ = {isa = PBXFileReference; lastKnownFileType = file; path = Aladdin.m4a; sourceTree = "<group>"; };
/* End PBXFileReference section */

/* Begin PBXFrameworksBuildPhase section */
		57B14C9424B63DF200F59E2E /* Frameworks */ = {
			isa = PBXFrameworksBuildPhase;
			buildActionMask = 2147483647;
			files = (
			);
			runOnlyForDeploymentPostprocessing = 0;
		};
/* End PBXFrameworksBuildPhase section */

/* Begin PBXGroup section */
		57B14C8E24B63DF200F59E2E = {
			isa = PBXGroup;
			children = (
				57B14C9924B63DF200F59E2E /* Favourite Movies */,
				57B14C9824B63DF200F59E2E /* Products */,
			);
			sourceTree = "<group>";
		};
		57B14C9824B63DF200F59E2E /* Products */ = {
			isa = PBXGroup;
			children = (
				57B14C9724B63DF200F59E2E /* Favourite Movies.app */,
			);
			name = Products;
			sourceTree = "<group>";
		};
		57B14C9924B63DF200F59E2E /* Favourite Movies */ = {
			isa = PBXGroup;
			children = (
				57B14C9A24B63DF200F59E2E /* AppDelegate.swift */,
				57B14C9C24B63DF200F59E2E /* SceneDelegate.swift */,
				57B14CB224B63F9F00F59E2E /* Models */,
				57B14CB124B63F8600F59E2E /* VC */,
				57B14CAE24B63F5A00F59E2E /* Storyboard */,
				57B14CBE24B67AF600F59E2E /* Music */,
				57B14CA324B63DF800F59E2E /* Assets.xcassets */,
				57B14CA524B63DF800F59E2E /* LaunchScreen.storyboard */,
				57B14CA824B63DF800F59E2E /* Info.plist */,
			);
			path = "Favourite Movies";
			sourceTree = "<group>";
		};
		57B14CAE24B63F5A00F59E2E /* Storyboard */ = {
			isa = PBXGroup;
			children = (
				57B14CA024B63DF200F59E2E /* Main.storyboard */,
			);
			path = Storyboard;
			sourceTree = "<group>";
		};
		57B14CB124B63F8600F59E2E /* VC */ = {
			isa = PBXGroup;
			children = (
				57B14CB524B63FFA00F59E2E /* MovieListVC.swift */,
				57B14CB724B6401700F59E2E /* MovieDetailsVC.swift */,
				57B14CB924B640CD00F59E2E /* CellVC.swift */,
			);
			path = VC;
			sourceTree = "<group>";
		};
		57B14CB224B63F9F00F59E2E /* Models */ = {
			isa = PBXGroup;
			children = (
				57B14CBB24B640E300F59E2E /* Movies.swift */,
			);
			path = Models;
			sourceTree = "<group>";
		};
		57B14CBE24B67AF600F59E2E /* Music */ = {
			isa = PBXGroup;
			children = (
				57B14CC424B67E5A00F59E2E /* Aladdin.m4a */,
				57B14CC024B67E5A00F59E2E /* Moana.m4a */,
				57B14CC124B67E5A00F59E2E /* Mulan.m4a */,
				57B14CC224B67E5A00F59E2E /* Pocahontas.m4a */,
				57B14CBF24B67E5900F59E2E /* The Lion King.m4a */,
				57B14CC324B67E5A00F59E2E /* The Little Mermaid.m4a */,
			);
			path = Music;
			sourceTree = "<group>";
		};
/* End PBXGroup section */

/* Begin PBXNativeTarget section */
		57B14C9624B63DF200F59E2E /* Favourite Movies */ = {
			isa = PBXNativeTarget;
			buildConfigurationList = 57B14CAB24B63DF800F59E2E /* Build configuration list for PBXNativeTarget "Favourite Movies" */;
			buildPhases = (
				57B14C9324B63DF200F59E2E /* Sources */,
				57B14C9424B63DF200F59E2E /* Frameworks */,
				57B14C9524B63DF200F59E2E /* Resources */,
			);
			buildRules = (
			);
			dependencies = (
			);
			name = "Favourite Movies";
			productName = "Favourite Movies";
			productReference = 57B14C9724B63DF200F59E2E /* Favourite Movies.app */;
			productType = "com.apple.product-type.application";
		};
/* End PBXNativeTarget section */

/* Begin PBXProject section */
		57B14C8F24B63DF200F59E2E /* Project object */ = {
			isa = PBXProject;
			attributes = {
				LastSwiftUpdateCheck = 1150;
				LastUpgradeCheck = 1150;
				ORGANIZATIONNAME = "Aldana Al-Rashidi";
				TargetAttributes = {
					57B14C9624B63DF200F59E2E = {
						CreatedOnToolsVersion = 11.5;
					};
				};
			};
			buildConfigurationList = 57B14C9224B63DF200F59E2E /* Build configuration list for PBXProject "Favourite Movies" */;
			compatibilityVersion = "Xcode 9.3";
			developmentRegion = en;
			hasScannedForEncodings = 0;
			knownRegions = (
				en,
				Base,
			);
			mainGroup = 57B14C8E24B63DF200F59E2E;
			productRefGroup = 57B14C9824B63DF200F59E2E /* Products */;
			projectDirPath = "";
			projectRoot = "";
			targets = (
				57B14C9624B63DF200F59E2E /* Favourite Movies */,
			);
		};
/* End PBXProject section */

/* Begin PBXResourcesBuildPhase section */
		57B14C9524B63DF200F59E2E /* Resources */ = {
			isa = PBXResourcesBuildPhase;
			buildActionMask = 2147483647;
			files = (
				57B14CC724B67E5A00F59E2E /* Mulan.m4a in Resources */,
				57B14CCA24B67E5A00F59E2E /* Aladdin.m4a in Resources */,
				57B14CA724B63DF800F59E2E /* LaunchScreen.storyboard in Resources */,
				57B14CC524B67E5A00F59E2E /* The Lion King.m4a in Resources */,
				57B14CA424B63DF800F59E2E /* Assets.xcassets in Resources */,
				57B14CC924B67E5A00F59E2E /* The Little Mermaid.m4a in Resources */,
				57B14CC824B67E5A00F59E2E /* Pocahontas.m4a in Resources */,
				57B14CA224B63DF200F59E2E /* Main.storyboard in Resources */,
				57B14CC624B67E5A00F59E2E /* Moana.m4a in Resources */,
			);
			runOnlyForDeploymentPostprocessing = 0;
		};
/* End PBXResourcesBuildPhase section */

/* Begin PBXSourcesBuildPhase section */
		57B14C9324B63DF200F59E2E /* Sources */ = {
			isa = PBXSourcesBuildPhase;
			buildActionMask = 2147483647;
			files = (
				57B14C9B24B63DF200F59E2E /* AppDelegate.swift in Sources */,
				57B14C9D24B63DF200F59E2E /* SceneDelegate.swift in Sources */,
				57B14CBC24B640E300F59E2E /* Movies.swift in Sources */,
				57B14CBA24B640CD00F59E2E /* CellVC.swift in Sources */,
				57B14CB824B6401700F59E2E /* MovieDetailsVC.swift in Sources */,
				57B14CB624B63FFA00F59E2E /* MovieListVC.swift in Sources */,
			);
			runOnlyForDeploymentPostprocessing = 0;
		};
/* End PBXSourcesBuildPhase section */

/* Begin PBXVariantGroup section */
		57B14CA024B63DF200F59E2E /* Main.storyboard */ = {
			isa = PBXVariantGroup;
			children = (
				57B14CA124B63DF200F59E2E /* Base */,
			);
			name = Main.storyboard;
			sourceTree = "<group>";
		};
		57B14CA524B63DF800F59E2E /* LaunchScreen.storyboard */ = {
			isa = PBXVariantGroup;
			children = (
				57B14CA624B63DF800F59E2E /* Base */,
			);
			name = LaunchScreen.storyboard;
			sourceTree = "<group>";
		};
/* End PBXVariantGroup section */

/* Begin XCBuildConfiguration section */
		57B14CA924B63DF800F59E2E /* Debug */ = {
			isa = XCBuildConfiguration;
			buildSettings = {
				ALWAYS_SEARCH_USER_PATHS = NO;
				CLANG_ANALYZER_NONNULL = YES;
				CLANG_ANALYZER_NUMBER_OBJECT_CONVERSION = YES_AGGRESSIVE;
				CLANG_CXX_LANGUAGE_STANDARD = "gnu++14";
				CLANG_CXX_LIBRARY = "libc++";
				CLANG_ENABLE_MODULES = YES;
				CLANG_ENABLE_OBJC_ARC = YES;
				CLANG_ENABLE_OBJC_WEAK = YES;
				CLANG_WARN_BLOCK_CAPTURE_AUTORELEASING = YES;
				CLANG_WARN_BOOL_CONVERSION = YES;
				CLANG_WARN_COMMA = YES;
				CLANG_WARN_CONSTANT_CONVERSION = YES;
				CLANG_WARN_DEPRECATED_OBJC_IMPLEMENTATIONS = YES;
				CLANG_WARN_DIRECT_OBJC_ISA_USAGE = YES_ERROR;
				CLANG_WARN_DOCUMENTATION_COMMENTS = YES;
				CLANG_WARN_EMPTY_BODY = YES;
				CLANG_WARN_ENUM_CONVERSION = YES;
				CLANG_WARN_INFINITE_RECURSION = YES;
				CLANG_WARN_INT_CONVERSION = YES;
				CLANG_WARN_NON_LITERAL_NULL_CONVERSION = YES;
				CLANG_WARN_OBJC_IMPLICIT_RETAIN_SELF = YES;
				CLANG_WARN_OBJC_LITERAL_CONVERSION = YES;
				CLANG_WARN_OBJC_ROOT_CLASS = YES_ERROR;
				CLANG_WARN_RANGE_LOOP_ANALYSIS = YES;
				CLANG_WARN_STRICT_PROTOTYPES = YES;
				CLANG_WARN_SUSPICIOUS_MOVE = YES;
				CLANG_WARN_UNGUARDED_AVAILABILITY = YES_AGGRESSIVE;
				CLANG_WARN_UNREACHABLE_CODE = YES;
				CLANG_WARN__DUPLICATE_METHOD_MATCH = YES;
				COPY_PHASE_STRIP = NO;
				DEBUG_INFORMATION_FORMAT = dwarf;
				ENABLE_STRICT_OBJC_MSGSEND = YES;
				ENABLE_TESTABILITY = YES;
				GCC_C_LANGUAGE_STANDARD = gnu11;
				GCC_DYNAMIC_NO_PIC = NO;
				GCC_NO_COMMON_BLOCKS = YES;
				GCC_OPTIMIZATION_LEVEL = 0;
				GCC_PREPROCESSOR_DEFINITIONS = (
					"DEBUG=1",
					"$(inherited)",
				);
				GCC_WARN_64_TO_32_BIT_CONVERSION = YES;
				GCC_WARN_ABOUT_RETURN_TYPE = YES_ERROR;
				GCC_WARN_UNDECLARED_SELECTOR = YES;
				GCC_WARN_UNINITIALIZED_AUTOS = YES_AGGRESSIVE;
				GCC_WARN_UNUSED_FUNCTION = YES;
				GCC_WARN_UNUSED_VARIABLE = YES;
				IPHONEOS_DEPLOYMENT_TARGET = 13.5;
				MTL_ENABLE_DEBUG_INFO = INCLUDE_SOURCE;
				MTL_FAST_MATH = YES;
				ONLY_ACTIVE_ARCH = YES;
				SDKROOT = iphoneos;
				SWIFT_ACTIVE_COMPILATION_CONDITIONS = DEBUG;
				SWIFT_OPTIMIZATION_LEVEL = "-Onone";
			};
			name = Debug;
		};
		57B14CAA24B63DF800F59E2E /* Release */ = {
			isa = XCBuildConfiguration;
			buildSettings = {
				ALWAYS_SEARCH_USER_PATHS = NO;
				CLANG_ANALYZER_NONNULL = YES;
				CLANG_ANALYZER_NUMBER_OBJECT_CONVERSION = YES_AGGRESSIVE;
				CLANG_CXX_LANGUAGE_STANDARD = "gnu++14";
				CLANG_CXX_LIBRARY = "libc++";
				CLANG_ENABLE_MODULES = YES;
				CLANG_ENABLE_OBJC_ARC = YES;
				CLANG_ENABLE_OBJC_WEAK = YES;
				CLANG_WARN_BLOCK_CAPTURE_AUTORELEASING = YES;
				CLANG_WARN_BOOL_CONVERSION = YES;
				CLANG_WARN_COMMA = YES;
				CLANG_WARN_CONSTANT_CONVERSION = YES;
				CLANG_WARN_DEPRECATED_OBJC_IMPLEMENTATIONS = YES;
				CLANG_WARN_DIRECT_OBJC_ISA_USAGE = YES_ERROR;
				CLANG_WARN_DOCUMENTATION_COMMENTS = YES;
				CLANG_WARN_EMPTY_BODY = YES;
				CLANG_WARN_ENUM_CONVERSION = YES;
				CLANG_WARN_INFINITE_RECURSION = YES;
				CLANG_WARN_INT_CONVERSION = YES;
				CLANG_WARN_NON_LITERAL_NULL_CONVERSION = YES;
				CLANG_WARN_OBJC_IMPLICIT_RETAIN_SELF = YES;
				CLANG_WARN_OBJC_LITERAL_CONVERSION = YES;
				CLANG_WARN_OBJC_ROOT_CLASS = YES_ERROR;
				CLANG_WARN_RANGE_LOOP_ANALYSIS = YES;
				CLANG_WARN_STRICT_PROTOTYPES = YES;
				CLANG_WARN_SUSPICIOUS_MOVE = YES;
				CLANG_WARN_UNGUARDED_AVAILABILITY = YES_AGGRESSIVE;
				CLANG_WARN_UNREACHABLE_CODE = YES;
				CLANG_WARN__DUPLICATE_METHOD_MATCH = YES;
				COPY_PHASE_STRIP = NO;
				DEBUG_INFORMATION_FORMAT = "dwarf-with-dsym";
				ENABLE_NS_ASSERTIONS = NO;
				ENABLE_STRICT_OBJC_MSGSEND = YES;
				GCC_C_LANGUAGE_STANDARD = gnu11;
				GCC_NO_COMMON_BLOCKS = YES;
				GCC_WARN_64_TO_32_BIT_CONVERSION = YES;
				GCC_WARN_ABOUT_RETURN_TYPE = YES_ERROR;
				GCC_WARN_UNDECLARED_SELECTOR = YES;
				GCC_WARN_UNINITIALIZED_AUTOS = YES_AGGRESSIVE;
				GCC_WARN_UNUSED_FUNCTION = YES;
				GCC_WARN_UNUSED_VARIABLE = YES;
				IPHONEOS_DEPLOYMENT_TARGET = 13.5;
				MTL_ENABLE_DEBUG_INFO = NO;
				MTL_FAST_MATH = YES;
				SDKROOT = iphoneos;
				SWIFT_COMPILATION_MODE = wholemodule;
				SWIFT_OPTIMIZATION_LEVEL = "-O";
				VALIDATE_PRODUCT = YES;
			};
			name = Release;
		};
		57B14CAC24B63DF800F59E2E /* Debug */ = {
			isa = XCBuildConfiguration;
			buildSettings = {
				ASSETCATALOG_COMPILER_APPICON_NAME = AppIcon;
				CODE_SIGN_STYLE = Automatic;
				DEVELOPMENT_TEAM = 6Q55UJ7W3X;
				INFOPLIST_FILE = "Favourite Movies/Info.plist";
				LD_RUNPATH_SEARCH_PATHS = (
					"$(inherited)",
					"@executable_path/Frameworks",
				);
				PRODUCT_BUNDLE_IDENTIFIER = "com.aldana227.Favourite-Movies";
				PRODUCT_NAME = "$(TARGET_NAME)";
				SWIFT_VERSION = 5.0;
				TARGETED_DEVICE_FAMILY = "1,2";
			};
			name = Debug;
		};
		57B14CAD24B63DF800F59E2E /* Release */ = {
			isa = XCBuildConfiguration;
			buildSettings = {
				ASSETCATALOG_COMPILER_APPICON_NAME = AppIcon;
				CODE_SIGN_STYLE = Automatic;
				DEVELOPMENT_TEAM = 6Q55UJ7W3X;
				INFOPLIST_FILE = "Favourite Movies/Info.plist";
				LD_RUNPATH_SEARCH_PATHS = (
					"$(inherited)",
					"@executable_path/Frameworks",
				);
				PRODUCT_BUNDLE_IDENTIFIER = "com.aldana227.Favourite-Movies";
				PRODUCT_NAME = "$(TARGET_NAME)";
				SWIFT_VERSION = 5.0;
				TARGETED_DEVICE_FAMILY = "1,2";
			};
			name = Release;
		};
/* End XCBuildConfiguration section */

/* Begin XCConfigurationList section */
		57B14C9224B63DF200F59E2E /* Build configuration list for PBXProject "Favourite Movies" */ = {
			isa = XCConfigurationList;
			buildConfigurations = (
				57B14CA924B63DF800F59E2E /* Debug */,
				57B14CAA24B63DF800F59E2E /* Release */,
			);
			defaultConfigurationIsVisible = 0;
			defaultConfigurationName = Release;
		};
		57B14CAB24B63DF800F59E2E /* Build configuration list for PBXNativeTarget "Favourite Movies" */ = {
			isa = XCConfigurationList;
			buildConfigurations = (
				57B14CAC24B63DF800F59E2E /* Debug */,
				57B14CAD24B63DF800F59E2E /* Release */,
			);
			defaultConfigurationIsVisible = 0;
			defaultConfigurationName = Release;
		};
/* End XCConfigurationList section */
	};
	rootObject = 57B14C8F24B63DF200F59E2E /* Project object */;
}
